// !$*UTF8*$!
{
	archiveVersion = 1;
	classes = {
	};
	objectVersion = 50;
	objects = {

/* Begin PBXBuildFile section */
		83576E3320F80270006B4451 /* AppDelegate.swift in Sources */ = {isa = PBXBuildFile; fileRef = 83576E3220F80270006B4451 /* AppDelegate.swift */; };
		83576E3520F80270006B4451 /* PeopleViewController.swift in Sources */ = {isa = PBXBuildFile; fileRef = 83576E3420F80270006B4451 /* PeopleViewController.swift */; };
		83576E3820F80270006B4451 /* Main.storyboard in Resources */ = {isa = PBXBuildFile; fileRef = 83576E3620F80270006B4451 /* Main.storyboard */; };
		83576E3B20F80270006B4451 /* HTTPdemo.xcdatamodeld in Sources */ = {isa = PBXBuildFile; fileRef = 83576E3920F80270006B4451 /* HTTPdemo.xcdatamodeld */; };
		83576E3D20F80272006B4451 /* Assets.xcassets in Resources */ = {isa = PBXBuildFile; fileRef = 83576E3C20F80272006B4451 /* Assets.xcassets */; };
		83576E4020F80272006B4451 /* LaunchScreen.storyboard in Resources */ = {isa = PBXBuildFile; fileRef = 83576E3E20F80272006B4451 /* LaunchScreen.storyboard */; };
/* End PBXBuildFile section */

/* Begin PBXFileReference section */
		83576E2F20F80270006B4451 /* HTTPdemo.app */ = {isa = PBXFileReference; explicitFileType = wrapper.application; includeInIndex = 0; path = HTTPdemo.app; sourceTree = BUILT_PRODUCTS_DIR; };
		83576E3220F80270006B4451 /* AppDelegate.swift */ = {isa = PBXFileReference; lastKnownFileType = sourcecode.swift; path = AppDelegate.swift; sourceTree = "<group>"; };
		83576E3420F80270006B4451 /* PeopleViewController.swift */ = {isa = PBXFileReference; lastKnownFileType = sourcecode.swift; path = PeopleViewController.swift; sourceTree = "<group>"; };
		83576E3720F80270006B4451 /* Base */ = {isa = PBXFileReference; lastKnownFileType = file.storyboard; name = Base; path = Base.lproj/Main.storyboard; sourceTree = "<group>"; };
		83576E3A20F80270006B4451 /* HTTPdemo.xcdatamodel */ = {isa = PBXFileReference; lastKnownFileType = wrapper.xcdatamodel; path = HTTPdemo.xcdatamodel; sourceTree = "<group>"; };
		83576E3C20F80272006B4451 /* Assets.xcassets */ = {isa = PBXFileReference; lastKnownFileType = folder.assetcatalog; path = Assets.xcassets; sourceTree = "<group>"; };
		83576E3F20F80272006B4451 /* Base */ = {isa = PBXFileReference; lastKnownFileType = file.storyboard; name = Base; path = Base.lproj/LaunchScreen.storyboard; sourceTree = "<group>"; };
		83576E4120F80272006B4451 /* Info.plist */ = {isa = PBXFileReference; lastKnownFileType = text.plist.xml; path = Info.plist; sourceTree = "<group>"; };
/* End PBXFileReference section */

/* Begin PBXFrameworksBuildPhase section */
		83576E2C20F80270006B4451 /* Frameworks */ = {
			isa = PBXFrameworksBuildPhase;
			buildActionMask = 2147483647;
			files = (
			);
			runOnlyForDeploymentPostprocessing = 0;
		};
/* End PBXFrameworksBuildPhase section */

/* Begin PBXGroup section */
		83576E2620F80270006B4451 = {
			isa = PBXGroup;
			children = (
				83576E3120F80270006B4451 /* HTTPdemo */,
				83576E3020F80270006B4451 /* Products */,
			);
			sourceTree = "<group>";
		};
		83576E3020F80270006B4451 /* Products */ = {
			isa = PBXGroup;
			children = (
				83576E2F20F80270006B4451 /* HTTPdemo.app */,
			);
			name = Products;
			sourceTree = "<group>";
		};
		83576E3120F80270006B4451 /* HTTPdemo */ = {
			isa = PBXGroup;
			children = (
				83576E3220F80270006B4451 /* AppDelegate.swift */,
				83576E3420F80270006B4451 /* PeopleViewController.swift */,
				83576E3620F80270006B4451 /* Main.storyboard */,
				83576E3C20F80272006B4451 /* Assets.xcassets */,
				83576E3E20F80272006B4451 /* LaunchScreen.storyboard */,
				83576E4120F80272006B4451 /* Info.plist */,
				83576E3920F80270006B4451 /* HTTPdemo.xcdatamodeld */,
			);
			path = HTTPdemo;
			sourceTree = "<group>";
		};
/* End PBXGroup section */

/* Begin PBXNativeTarget section */
		83576E2E20F80270006B4451 /* HTTPdemo */ = {
			isa = PBXNativeTarget;
			buildConfigurationList = 83576E4420F80272006B4451 /* Build configuration list for PBXNativeTarget "HTTPdemo" */;
			buildPhases = (
				83576E2B20F80270006B4451 /* Sources */,
				83576E2C20F80270006B4451 /* Frameworks */,
				83576E2D20F80270006B4451 /* Resources */,
			);
			buildRules = (
			);
			dependencies = (
			);
			name = HTTPdemo;
			productName = HTTPdemo;
			productReference = 83576E2F20F80270006B4451 /* HTTPdemo.app */;
			productType = "com.apple.product-type.application";
		};
/* End PBXNativeTarget section */

/* Begin PBXProject section */
		83576E2720F80270006B4451 /* Project object */ = {
			isa = PBXProject;
			attributes = {
				LastSwiftUpdateCheck = 0940;
				LastUpgradeCheck = 0940;
				ORGANIZATIONNAME = "Christopher Chung";
				TargetAttributes = {
					83576E2E20F80270006B4451 = {
						CreatedOnToolsVersion = 9.4.1;
					};
				};
			};
			buildConfigurationList = 83576E2A20F80270006B4451 /* Build configuration list for PBXProject "HTTPdemo" */;
			compatibilityVersion = "Xcode 9.3";
			developmentRegion = en;
			hasScannedForEncodings = 0;
			knownRegions = (
				en,
				Base,
			);
			mainGroup = 83576E2620F80270006B4451;
			productRefGroup = 83576E3020F80270006B4451 /* Products */;
			projectDirPath = "";
			projectRoot = "";
			targets = (
				83576E2E20F80270006B4451 /* HTTPdemo */,
			);
		};
/* End PBXProject section */

/* Begin PBXResourcesBuildPhase section */
		83576E2D20F80270006B4451 /* Resources */ = {
			isa = PBXResourcesBuildPhase;
			buildActionMask = 2147483647;
			files = (
				83576E4020F80272006B4451 /* LaunchScreen.storyboard in Resources */,
				83576E3D20F80272006B4451 /* Assets.xcassets in Resources */,
				83576E3820F80270006B4451 /* Main.storyboard in Resources */,
			);
			runOnlyForDeploymentPostprocessing = 0;
		};
/* End PBXResourcesBuildPhase section */

/* Begin PBXSourcesBuildPhase section */
		83576E2B20F80270006B4451 /* Sources */ = {
			isa = PBXSourcesBuildPhase;
			buildActionMask = 2147483647;
			files = (
				83576E3520F80270006B4451 /* PeopleViewController.swift in Sources */,
				83576E3B20F80270006B4451 /* HTTPdemo.xcdatamodeld in Sources */,
				83576E3320F80270006B4451 /* AppDelegate.swift in Sources */,
			);
			runOnlyForDeploymentPostprocessing = 0;
		};
/* End PBXSourcesBuildPhase section */

/* Begin PBXVariantGroup section */
		83576E3620F80270006B4451 /* Main.storyboard */ = {
			isa = PBXVariantGroup;
			children = (
				83576E3720F80270006B4451 /* Base */,
			);
			name = Main.storyboard;
			sourceTree = "<group>";
		};
		83576E3E20F80272006B4451 /* LaunchScreen.storyboard */ = {
			isa = PBXVariantGroup;
			children = (
				83576E3F20F80272006B4451 /* Base */,
			);
			name = LaunchScreen.storyboard;
			sourceTree = "<group>";
		};
/* End PBXVariantGroup section */

/* Begin XCBuildConfiguration section */
		83576E4220F80272006B4451 /* Debug */ = {
			isa = XCBuildConfiguration;
			buildSettings = {
				ALWAYS_SEARCH_USER_PATHS = NO;
				CLANG_ANALYZER_NONNULL = YES;
				CLANG_ANALYZER_NUMBER_OBJECT_CONVERSION = YES_AGGRESSIVE;
				CLANG_CXX_LANGUAGE_STANDARD = "gnu++14";
				CLANG_CXX_LIBRARY = "libc++";
				CLANG_ENABLE_MODULES = YES;
				CLANG_ENABLE_OBJC_ARC = YES;
				CLANG_ENABLE_OBJC_WEAK = YES;
				CLANG_WARN_BLOCK_CAPTURE_AUTORELEASING = YES;
				CLANG_WARN_BOOL_CONVERSION = YES;
				CLANG_WARN_COMMA = YES;
				CLANG_WARN_CONSTANT_CONVERSION = YES;
				CLANG_WARN_DEPRECATED_OBJC_IMPLEMENTATIONS = YES;
				CLANG_WARN_DIRECT_OBJC_ISA_USAGE = YES_ERROR;
				CLANG_WARN_DOCUMENTATION_COMMENTS = YES;
				CLANG_WARN_EMPTY_BODY = YES;
				CLANG_WARN_ENUM_CONVERSION = YES;
				CLANG_WARN_INFINITE_RECURSION = YES;
				CLANG_WARN_INT_CONVERSION = YES;
				CLANG_WARN_NON_LITERAL_NULL_CONVERSION = YES;
				CLANG_WARN_OBJC_IMPLICIT_RETAIN_SELF = YES;
				CLANG_WARN_OBJC_LITERAL_CONVERSION = YES;
				CLANG_WARN_OBJC_ROOT_CLASS = YES_ERROR;
				CLANG_WARN_RANGE_LOOP_ANALYSIS = YES;
				CLANG_WARN_STRICT_PROTOTYPES = YES;
				CLANG_WARN_SUSPICIOUS_MOVE = YES;
				CLANG_WARN_UNGUARDED_AVAILABILITY = YES_AGGRESSIVE;
				CLANG_WARN_UNREACHABLE_CODE = YES;
				CLANG_WARN__DUPLICATE_METHOD_MATCH = YES;
				CODE_SIGN_IDENTITY = "iPhone Developer";
				COPY_PHASE_STRIP = NO;
				DEBUG_INFORMATION_FORMAT = dwarf;
				ENABLE_STRICT_OBJC_MSGSEND = YES;
				ENABLE_TESTABILITY = YES;
				GCC_C_LANGUAGE_STANDARD = gnu11;
				GCC_DYNAMIC_NO_PIC = NO;
				GCC_NO_COMMON_BLOCKS = YES;
				GCC_OPTIMIZATION_LEVEL = 0;
				GCC_PREPROCESSOR_DEFINITIONS = (
					"DEBUG=1",
					"$(inherited)",
				);
				GCC_WARN_64_TO_32_BIT_CONVERSION = YES;
				GCC_WARN_ABOUT_RETURN_TYPE = YES_ERROR;
				GCC_WARN_UNDECLARED_SELECTOR = YES;
				GCC_WARN_UNINITIALIZED_AUTOS = YES_AGGRESSIVE;
				GCC_WARN_UNUSED_FUNCTION = YES;
				GCC_WARN_UNUSED_VARIABLE = YES;
				IPHONEOS_DEPLOYMENT_TARGET = 11.4;
				MTL_ENABLE_DEBUG_INFO = YES;
				ONLY_ACTIVE_ARCH = YES;
				SDKROOT = iphoneos;
				SWIFT_ACTIVE_COMPILATION_CONDITIONS = DEBUG;
				SWIFT_OPTIMIZATION_LEVEL = "-Onone";
			};
			name = Debug;
		};
		83576E4320F80272006B4451 /* Release */ = {
			isa = XCBuildConfiguration;
			buildSettings = {
				ALWAYS_SEARCH_USER_PATHS = NO;
				CLANG_ANALYZER_NONNULL = YES;
				CLANG_ANALYZER_NUMBER_OBJECT_CONVERSION = YES_AGGRESSIVE;
				CLANG_CXX_LANGUAGE_STANDARD = "gnu++14";
				CLANG_CXX_LIBRARY = "libc++";
				CLANG_ENABLE_MODULES = YES;
				CLANG_ENABLE_OBJC_ARC = YES;
				CLANG_ENABLE_OBJC_WEAK = YES;
				CLANG_WARN_BLOCK_CAPTURE_AUTORELEASING = YES;
				CLANG_WARN_BOOL_CONVERSION = YES;
				CLANG_WARN_COMMA = YES;
				CLANG_WARN_CONSTANT_CONVERSION = YES;
				CLANG_WARN_DEPRECATED_OBJC_IMPLEMENTATIONS = YES;
				CLANG_WARN_DIRECT_OBJC_ISA_USAGE = YES_ERROR;
				CLANG_WARN_DOCUMENTATION_COMMENTS = YES;
				CLANG_WARN_EMPTY_BODY = YES;
				CLANG_WARN_ENUM_CONVERSION = YES;
				CLANG_WARN_INFINITE_RECURSION = YES;
				CLANG_WARN_INT_CONVERSION = YES;
				CLANG_WARN_NON_LITERAL_NULL_CONVERSION = YES;
				CLANG_WARN_OBJC_IMPLICIT_RETAIN_SELF = YES;
				CLANG_WARN_OBJC_LITERAL_CONVERSION = YES;
				CLANG_WARN_OBJC_ROOT_CLASS = YES_ERROR;
				CLANG_WARN_RANGE_LOOP_ANALYSIS = YES;
				CLANG_WARN_STRICT_PROTOTYPES = YES;
				CLANG_WARN_SUSPICIOUS_MOVE = YES;
				CLANG_WARN_UNGUARDED_AVAILABILITY = YES_AGGRESSIVE;
				CLANG_WARN_UNREACHABLE_CODE = YES;
				CLANG_WARN__DUPLICATE_METHOD_MATCH = YES;
				CODE_SIGN_IDENTITY = "iPhone Developer";
				COPY_PHASE_STRIP = NO;
				DEBUG_INFORMATION_FORMAT = "dwarf-with-dsym";
				ENABLE_NS_ASSERTIONS = NO;
				ENABLE_STRICT_OBJC_MSGSEND = YES;
				GCC_C_LANGUAGE_STANDARD = gnu11;
				GCC_NO_COMMON_BLOCKS = YES;
				GCC_WARN_64_TO_32_BIT_CONVERSION = YES;
				GCC_WARN_ABOUT_RETURN_TYPE = YES_ERROR;
				GCC_WARN_UNDECLARED_SELECTOR = YES;
				GCC_WARN_UNINITIALIZED_AUTOS = YES_AGGRESSIVE;
				GCC_WARN_UNUSED_FUNCTION = YES;
				GCC_WARN_UNUSED_VARIABLE = YES;
				IPHONEOS_DEPLOYMENT_TARGET = 11.4;
				MTL_ENABLE_DEBUG_INFO = NO;
				SDKROOT = iphoneos;
				SWIFT_COMPILATION_MODE = wholemodule;
				SWIFT_OPTIMIZATION_LEVEL = "-O";
				VALIDATE_PRODUCT = YES;
			};
			name = Release;
		};
		83576E4520F80272006B4451 /* Debug */ = {
			isa = XCBuildConfiguration;
			buildSettings = {
				ASSETCATALOG_COMPILER_APPICON_NAME = AppIcon;
				CODE_SIGN_STYLE = Automatic;
				DEVELOPMENT_TEAM = B5D4ZVQW9T;
				INFOPLIST_FILE = HTTPdemo/Info.plist;
				LD_RUNPATH_SEARCH_PATHS = (
					"$(inherited)",
					"@executable_path/Frameworks",
				);
				PRODUCT_BUNDLE_IDENTIFIER = chungdev.HTTPdemo;
				PRODUCT_NAME = "$(TARGET_NAME)";
				SWIFT_VERSION = 4.0;
				TARGETED_DEVICE_FAMILY = "1,2";
			};
			name = Debug;
		};
		83576E4620F80272006B4451 /* Release */ = {
			isa = XCBuildConfiguration;
			buildSettings = {
				ASSETCATALOG_COMPILER_APPICON_NAME = AppIcon;
				CODE_SIGN_STYLE = Automatic;
				DEVELOPMENT_TEAM = B5D4ZVQW9T;
				INFOPLIST_FILE = HTTPdemo/Info.plist;
				LD_RUNPATH_SEARCH_PATHS = (
					"$(inherited)",
					"@executable_path/Frameworks",
				);
				PRODUCT_BUNDLE_IDENTIFIER = chungdev.HTTPdemo;
				PRODUCT_NAME = "$(TARGET_NAME)";
				SWIFT_VERSION = 4.0;
				TARGETED_DEVICE_FAMILY = "1,2";
			};
			name = Release;
		};
/* End XCBuildConfiguration section */

/* Begin XCConfigurationList section */
		83576E2A20F80270006B4451 /* Build configuration list for PBXProject "HTTPdemo" */ = {
			isa = XCConfigurationList;
			buildConfigurations = (
				83576E4220F80272006B4451 /* Debug */,
				83576E4320F80272006B4451 /* Release */,
			);
			defaultConfigurationIsVisible = 0;
			defaultConfigurationName = Release;
		};
		83576E4420F80272006B4451 /* Build configuration list for PBXNativeTarget "HTTPdemo" */ = {
			isa = XCConfigurationList;
			buildConfigurations = (
				83576E4520F80272006B4451 /* Debug */,
				83576E4620F80272006B4451 /* Release */,
			);
			defaultConfigurationIsVisible = 0;
			defaultConfigurationName = Release;
		};
/* End XCConfigurationList section */

/* Begin XCVersionGroup section */
		83576E3920F80270006B4451 /* HTTPdemo.xcdatamodeld */ = {
			isa = XCVersionGroup;
			children = (
				83576E3A20F80270006B4451 /* HTTPdemo.xcdatamodel */,
			);
			currentVersion = 83576E3A20F80270006B4451 /* HTTPdemo.xcdatamodel */;
			path = HTTPdemo.xcdatamodeld;
			sourceTree = "<group>";
			versionGroupType = wrapper.xcdatamodel;
		};
/* End XCVersionGroup section */
	};
	rootObject = 83576E2720F80270006B4451 /* Project object */;
}
